
Microsoft Visual Studio Solution File, Format Version 12.00
# Visual Studio Version 16
VisualStudioVersion = 16.0.31205.134
MinimumVisualStudioVersion = 10.0.40219.1
Project("{FAE04EC0-301F-11D3-BF4B-00C04F79EFBC}") = "Bitwise Operators", "Bitwise Operators.csproj", "{6F5ABF41-F69B-47AD-8BB6-6CEAB49DAE39}"
EndProject
Global
	GlobalSection(SolutionConfigurationPlatforms) = preSolution
		Debug|Any CPU = Debug|Any CPU
		Release|Any CPU = Release|Any CPU
	EndGlobalSection
	GlobalSection(ProjectConfigurationPlatforms) = postSolution
		{6F5ABF41-F69B-47AD-8BB6-6CEAB49DAE39}.Debug|Any CPU.ActiveCfg = Debug|Any CPU
		{6F5ABF41-F69B-47AD-8BB6-6CEAB49DAE39}.Debug|Any CPU.Build.0 = Debug|Any CPU
		{6F5ABF41-F69B-47AD-8BB6-6CEAB49DAE39}.Release|Any CPU.ActiveCfg = Release|Any CPU
		{6F5ABF41-F69B-47AD-8BB6-6CEAB49DAE39}.Release|Any CPU.Build.0 = Release|Any CPU
	EndGlobalSection
	GlobalSection(SolutionProperties) = preSolution
		HideSolutionNode = FALSE
	EndGlobalSection
	GlobalSection(ExtensibilityGlobals) = postSolution
		SolutionGuid = {80A7B6C1-3E22-4CE7-8A1F-7CE583C87434}
	EndGlobalSection
EndGlobal
